// !$*UTF8*$!
{
	archiveVersion = 1;
	classes = {
	};
	objectVersion = 55;
	objects = {

/* Begin PBXBuildFile section */
		DF82DBAF27C5F4A300DB4F56 /* AppDelegate.swift in Sources */ = {isa = PBXBuildFile; fileRef = DF82DBAE27C5F4A300DB4F56 /* AppDelegate.swift */; };
		DF82DBB127C5F4A300DB4F56 /* SceneDelegate.swift in Sources */ = {isa = PBXBuildFile; fileRef = DF82DBB027C5F4A300DB4F56 /* SceneDelegate.swift */; };
		DF82DBB327C5F4A300DB4F56 /* ViewController.swift in Sources */ = {isa = PBXBuildFile; fileRef = DF82DBB227C5F4A300DB4F56 /* ViewController.swift */; };
		DF82DBB627C5F4A300DB4F56 /* Main.storyboard in Resources */ = {isa = PBXBuildFile; fileRef = DF82DBB427C5F4A300DB4F56 /* Main.storyboard */; };
		DF82DBB827C5F4A300DB4F56 /* Assets.xcassets in Resources */ = {isa = PBXBuildFile; fileRef = DF82DBB727C5F4A300DB4F56 /* Assets.xcassets */; };
		DF82DBBB27C5F4A300DB4F56 /* LaunchScreen.storyboard in Resources */ = {isa = PBXBuildFile; fileRef = DF82DBB927C5F4A300DB4F56 /* LaunchScreen.storyboard */; };
		DF82DBC627C5F4A300DB4F56 /* LightTests.swift in Sources */ = {isa = PBXBuildFile; fileRef = DF82DBC527C5F4A300DB4F56 /* LightTests.swift */; };
		DF82DBD027C5F4A300DB4F56 /* LightUITests.swift in Sources */ = {isa = PBXBuildFile; fileRef = DF82DBCF27C5F4A300DB4F56 /* LightUITests.swift */; };
		DF82DBD227C5F4A300DB4F56 /* LightUITestsLaunchTests.swift in Sources */ = {isa = PBXBuildFile; fileRef = DF82DBD127C5F4A300DB4F56 /* LightUITestsLaunchTests.swift */; };
/* End PBXBuildFile section */

/* Begin PBXContainerItemProxy section */
		DF82DBC227C5F4A300DB4F56 /* PBXContainerItemProxy */ = {
			isa = PBXContainerItemProxy;
			containerPortal = DF82DBA327C5F4A300DB4F56 /* Project object */;
			proxyType = 1;
			remoteGlobalIDString = DF82DBAA27C5F4A300DB4F56;
			remoteInfo = Light;
		};
		DF82DBCC27C5F4A300DB4F56 /* PBXContainerItemProxy */ = {
			isa = PBXContainerItemProxy;
			containerPortal = DF82DBA327C5F4A300DB4F56 /* Project object */;
			proxyType = 1;
			remoteGlobalIDString = DF82DBAA27C5F4A300DB4F56;
			remoteInfo = Light;
		};
/* End PBXContainerItemProxy section */

/* Begin PBXFileReference section */
		DF82DBAB27C5F4A300DB4F56 /* Light.app */ = {isa = PBXFileReference; explicitFileType = wrapper.application; includeInIndex = 0; path = Light.app; sourceTree = BUILT_PRODUCTS_DIR; };
		DF82DBAE27C5F4A300DB4F56 /* AppDelegate.swift */ = {isa = PBXFileReference; lastKnownFileType = sourcecode.swift; path = AppDelegate.swift; sourceTree = "<group>"; };
		DF82DBB027C5F4A300DB4F56 /* SceneDelegate.swift */ = {isa = PBXFileReference; lastKnownFileType = sourcecode.swift; path = SceneDelegate.swift; sourceTree = "<group>"; };
		DF82DBB227C5F4A300DB4F56 /* ViewController.swift */ = {isa = PBXFileReference; lastKnownFileType = sourcecode.swift; path = ViewController.swift; sourceTree = "<group>"; };
		DF82DBB527C5F4A300DB4F56 /* Base */ = {isa = PBXFileReference; lastKnownFileType = file.storyboard; name = Base; path = Base.lproj/Main.storyboard; sourceTree = "<group>"; };
		DF82DBB727C5F4A300DB4F56 /* Assets.xcassets */ = {isa = PBXFileReference; lastKnownFileType = folder.assetcatalog; path = Assets.xcassets; sourceTree = "<group>"; };
		DF82DBBA27C5F4A300DB4F56 /* Base */ = {isa = PBXFileReference; lastKnownFileType = file.storyboard; name = Base; path = Base.lproj/LaunchScreen.storyboard; sourceTree = "<group>"; };
		DF82DBBC27C5F4A300DB4F56 /* Info.plist */ = {isa = PBXFileReference; lastKnownFileType = text.plist.xml; path = Info.plist; sourceTree = "<group>"; };
		DF82DBC127C5F4A300DB4F56 /* LightTests.xctest */ = {isa = PBXFileReference; explicitFileType = wrapper.cfbundle; includeInIndex = 0; path = LightTests.xctest; sourceTree = BUILT_PRODUCTS_DIR; };
		DF82DBC527C5F4A300DB4F56 /* LightTests.swift */ = {isa = PBXFileReference; lastKnownFileType = sourcecode.swift; path = LightTests.swift; sourceTree = "<group>"; };
		DF82DBCB27C5F4A300DB4F56 /* LightUITests.xctest */ = {isa = PBXFileReference; explicitFileType = wrapper.cfbundle; includeInIndex = 0; path = LightUITests.xctest; sourceTree = BUILT_PRODUCTS_DIR; };
		DF82DBCF27C5F4A300DB4F56 /* LightUITests.swift */ = {isa = PBXFileReference; lastKnownFileType = sourcecode.swift; path = LightUITests.swift; sourceTree = "<group>"; };
		DF82DBD127C5F4A300DB4F56 /* LightUITestsLaunchTests.swift */ = {isa = PBXFileReference; lastKnownFileType = sourcecode.swift; path = LightUITestsLaunchTests.swift; sourceTree = "<group>"; };
/* End PBXFileReference section */

/* Begin PBXFrameworksBuildPhase section */
		DF82DBA827C5F4A300DB4F56 /* Frameworks */ = {
			isa = PBXFrameworksBuildPhase;
			buildActionMask = 2147483647;
			files = (
			);
			runOnlyForDeploymentPostprocessing = 0;
		};
		DF82DBBE27C5F4A300DB4F56 /* Frameworks */ = {
			isa = PBXFrameworksBuildPhase;
			buildActionMask = 2147483647;
			files = (
			);
			runOnlyForDeploymentPostprocessing = 0;
		};
		DF82DBC827C5F4A300DB4F56 /* Frameworks */ = {
			isa = PBXFrameworksBuildPhase;
			buildActionMask = 2147483647;
			files = (
			);
			runOnlyForDeploymentPostprocessing = 0;
		};
/* End PBXFrameworksBuildPhase section */

/* Begin PBXGroup section */
		DF82DBA227C5F4A300DB4F56 = {
			isa = PBXGroup;
			children = (
				DF82DBAD27C5F4A300DB4F56 /* Light */,
				DF82DBC427C5F4A300DB4F56 /* LightTests */,
				DF82DBCE27C5F4A300DB4F56 /* LightUITests */,
				DF82DBAC27C5F4A300DB4F56 /* Products */,
			);
			sourceTree = "<group>";
		};
		DF82DBAC27C5F4A300DB4F56 /* Products */ = {
			isa = PBXGroup;
			children = (
				DF82DBAB27C5F4A300DB4F56 /* Light.app */,
				DF82DBC127C5F4A300DB4F56 /* LightTests.xctest */,
				DF82DBCB27C5F4A300DB4F56 /* LightUITests.xctest */,
			);
			name = Products;
			sourceTree = "<group>";
		};
		DF82DBAD27C5F4A300DB4F56 /* Light */ = {
			isa = PBXGroup;
			children = (
				DF82DBAE27C5F4A300DB4F56 /* AppDelegate.swift */,
				DF82DBB027C5F4A300DB4F56 /* SceneDelegate.swift */,
				DF82DBB227C5F4A300DB4F56 /* ViewController.swift */,
				DF82DBB427C5F4A300DB4F56 /* Main.storyboard */,
				DF82DBB727C5F4A300DB4F56 /* Assets.xcassets */,
				DF82DBB927C5F4A300DB4F56 /* LaunchScreen.storyboard */,
				DF82DBBC27C5F4A300DB4F56 /* Info.plist */,
			);
			path = Light;
			sourceTree = "<group>";
		};
		DF82DBC427C5F4A300DB4F56 /* LightTests */ = {
			isa = PBXGroup;
			children = (
				DF82DBC527C5F4A300DB4F56 /* LightTests.swift */,
			);
			path = LightTests;
			sourceTree = "<group>";
		};
		DF82DBCE27C5F4A300DB4F56 /* LightUITests */ = {
			isa = PBXGroup;
			children = (
				DF82DBCF27C5F4A300DB4F56 /* LightUITests.swift */,
				DF82DBD127C5F4A300DB4F56 /* LightUITestsLaunchTests.swift */,
			);
			path = LightUITests;
			sourceTree = "<group>";
		};
/* End PBXGroup section */

/* Begin PBXNativeTarget section */
		DF82DBAA27C5F4A300DB4F56 /* Light */ = {
			isa = PBXNativeTarget;
			buildConfigurationList = DF82DBD527C5F4A300DB4F56 /* Build configuration list for PBXNativeTarget "Light" */;
			buildPhases = (
				DF82DBA727C5F4A300DB4F56 /* Sources */,
				DF82DBA827C5F4A300DB4F56 /* Frameworks */,
				DF82DBA927C5F4A300DB4F56 /* Resources */,
			);
			buildRules = (
			);
			dependencies = (
			);
			name = Light;
			productName = Light;
			productReference = DF82DBAB27C5F4A300DB4F56 /* Light.app */;
			productType = "com.apple.product-type.application";
		};
		DF82DBC027C5F4A300DB4F56 /* LightTests */ = {
			isa = PBXNativeTarget;
			buildConfigurationList = DF82DBD827C5F4A300DB4F56 /* Build configuration list for PBXNativeTarget "LightTests" */;
			buildPhases = (
				DF82DBBD27C5F4A300DB4F56 /* Sources */,
				DF82DBBE27C5F4A300DB4F56 /* Frameworks */,
				DF82DBBF27C5F4A300DB4F56 /* Resources */,
			);
			buildRules = (
			);
			dependencies = (
				DF82DBC327C5F4A300DB4F56 /* PBXTargetDependency */,
			);
			name = LightTests;
			productName = LightTests;
			productReference = DF82DBC127C5F4A300DB4F56 /* LightTests.xctest */;
			productType = "com.apple.product-type.bundle.unit-test";
		};
		DF82DBCA27C5F4A300DB4F56 /* LightUITests */ = {
			isa = PBXNativeTarget;
			buildConfigurationList = DF82DBDB27C5F4A300DB4F56 /* Build configuration list for PBXNativeTarget "LightUITests" */;
			buildPhases = (
				DF82DBC727C5F4A300DB4F56 /* Sources */,
				DF82DBC827C5F4A300DB4F56 /* Frameworks */,
				DF82DBC927C5F4A300DB4F56 /* Resources */,
			);
			buildRules = (
			);
			dependencies = (
				DF82DBCD27C5F4A300DB4F56 /* PBXTargetDependency */,
			);
			name = LightUITests;
			productName = LightUITests;
			productReference = DF82DBCB27C5F4A300DB4F56 /* LightUITests.xctest */;
			productType = "com.apple.product-type.bundle.ui-testing";
		};
/* End PBXNativeTarget section */

/* Begin PBXProject section */
		DF82DBA327C5F4A300DB4F56 /* Project object */ = {
			isa = PBXProject;
			attributes = {
				BuildIndependentTargetsInParallel = 1;
				LastSwiftUpdateCheck = 1320;
				LastUpgradeCheck = 1320;
				TargetAttributes = {
					DF82DBAA27C5F4A300DB4F56 = {
						CreatedOnToolsVersion = 13.2.1;
					};
					DF82DBC027C5F4A300DB4F56 = {
						CreatedOnToolsVersion = 13.2.1;
						TestTargetID = DF82DBAA27C5F4A300DB4F56;
					};
					DF82DBCA27C5F4A300DB4F56 = {
						CreatedOnToolsVersion = 13.2.1;
						TestTargetID = DF82DBAA27C5F4A300DB4F56;
					};
				};
			};
			buildConfigurationList = DF82DBA627C5F4A300DB4F56 /* Build configuration list for PBXProject "Light" */;
			compatibilityVersion = "Xcode 13.0";
			developmentRegion = en;
			hasScannedForEncodings = 0;
			knownRegions = (
				en,
				Base,
			);
			mainGroup = DF82DBA227C5F4A300DB4F56;
			productRefGroup = DF82DBAC27C5F4A300DB4F56 /* Products */;
			projectDirPath = "";
			projectRoot = "";
			targets = (
				DF82DBAA27C5F4A300DB4F56 /* Light */,
				DF82DBC027C5F4A300DB4F56 /* LightTests */,
				DF82DBCA27C5F4A300DB4F56 /* LightUITests */,
			);
		};
/* End PBXProject section */

/* Begin PBXResourcesBuildPhase section */
		DF82DBA927C5F4A300DB4F56 /* Resources */ = {
			isa = PBXResourcesBuildPhase;
			buildActionMask = 2147483647;
			files = (
				DF82DBBB27C5F4A300DB4F56 /* LaunchScreen.storyboard in Resources */,
				DF82DBB827C5F4A300DB4F56 /* Assets.xcassets in Resources */,
				DF82DBB627C5F4A300DB4F56 /* Main.storyboard in Resources */,
			);
			runOnlyForDeploymentPostprocessing = 0;
		};
		DF82DBBF27C5F4A300DB4F56 /* Resources */ = {
			isa = PBXResourcesBuildPhase;
			buildActionMask = 2147483647;
			files = (
			);
			runOnlyForDeploymentPostprocessing = 0;
		};
		DF82DBC927C5F4A300DB4F56 /* Resources */ = {
			isa = PBXResourcesBuildPhase;
			buildActionMask = 2147483647;
			files = (
			);
			runOnlyForDeploymentPostprocessing = 0;
		};
/* End PBXResourcesBuildPhase section */

/* Begin PBXSourcesBuildPhase section */
		DF82DBA727C5F4A300DB4F56 /* Sources */ = {
			isa = PBXSourcesBuildPhase;
			buildActionMask = 2147483647;
			files = (
				DF82DBB327C5F4A300DB4F56 /* ViewController.swift in Sources */,
				DF82DBAF27C5F4A300DB4F56 /* AppDelegate.swift in Sources */,
				DF82DBB127C5F4A300DB4F56 /* SceneDelegate.swift in Sources */,
			);
			runOnlyForDeploymentPostprocessing = 0;
		};
		DF82DBBD27C5F4A300DB4F56 /* Sources */ = {
			isa = PBXSourcesBuildPhase;
			buildActionMask = 2147483647;
			files = (
				DF82DBC627C5F4A300DB4F56 /* LightTests.swift in Sources */,
			);
			runOnlyForDeploymentPostprocessing = 0;
		};
		DF82DBC727C5F4A300DB4F56 /* Sources */ = {
			isa = PBXSourcesBuildPhase;
			buildActionMask = 2147483647;
			files = (
				DF82DBD027C5F4A300DB4F56 /* LightUITests.swift in Sources */,
				DF82DBD227C5F4A300DB4F56 /* LightUITestsLaunchTests.swift in Sources */,
			);
			runOnlyForDeploymentPostprocessing = 0;
		};
/* End PBXSourcesBuildPhase section */

/* Begin PBXTargetDependency section */
		DF82DBC327C5F4A300DB4F56 /* PBXTargetDependency */ = {
			isa = PBXTargetDependency;
			target = DF82DBAA27C5F4A300DB4F56 /* Light */;
			targetProxy = DF82DBC227C5F4A300DB4F56 /* PBXContainerItemProxy */;
		};
		DF82DBCD27C5F4A300DB4F56 /* PBXTargetDependency */ = {
			isa = PBXTargetDependency;
			target = DF82DBAA27C5F4A300DB4F56 /* Light */;
			targetProxy = DF82DBCC27C5F4A300DB4F56 /* PBXContainerItemProxy */;
		};
/* End PBXTargetDependency section */

/* Begin PBXVariantGroup section */
		DF82DBB427C5F4A300DB4F56 /* Main.storyboard */ = {
			isa = PBXVariantGroup;
			children = (
				DF82DBB527C5F4A300DB4F56 /* Base */,
			);
			name = Main.storyboard;
			sourceTree = "<group>";
		};
		DF82DBB927C5F4A300DB4F56 /* LaunchScreen.storyboard */ = {
			isa = PBXVariantGroup;
			children = (
				DF82DBBA27C5F4A300DB4F56 /* Base */,
			);
			name = LaunchScreen.storyboard;
			sourceTree = "<group>";
		};
/* End PBXVariantGroup section */

/* Begin XCBuildConfiguration section */
		DF82DBD327C5F4A300DB4F56 /* Debug */ = {
			isa = XCBuildConfiguration;
			buildSettings = {
				ALWAYS_SEARCH_USER_PATHS = NO;
				CLANG_ANALYZER_NONNULL = YES;
				CLANG_ANALYZER_NUMBER_OBJECT_CONVERSION = YES_AGGRESSIVE;
				CLANG_CXX_LANGUAGE_STANDARD = "gnu++17";
				CLANG_CXX_LIBRARY = "libc++";
				CLANG_ENABLE_MODULES = YES;
				CLANG_ENABLE_OBJC_ARC = YES;
				CLANG_ENABLE_OBJC_WEAK = YES;
				CLANG_WARN_BLOCK_CAPTURE_AUTORELEASING = YES;
				CLANG_WARN_BOOL_CONVERSION = YES;
				CLANG_WARN_COMMA = YES;
				CLANG_WARN_CONSTANT_CONVERSION = YES;
				CLANG_WARN_DEPRECATED_OBJC_IMPLEMENTATIONS = YES;
				CLANG_WARN_DIRECT_OBJC_ISA_USAGE = YES_ERROR;
				CLANG_WARN_DOCUMENTATION_COMMENTS = YES;
				CLANG_WARN_EMPTY_BODY = YES;
				CLANG_WARN_ENUM_CONVERSION = YES;
				CLANG_WARN_INFINITE_RECURSION = YES;
				CLANG_WARN_INT_CONVERSION = YES;
				CLANG_WARN_NON_LITERAL_NULL_CONVERSION = YES;
				CLANG_WARN_OBJC_IMPLICIT_RETAIN_SELF = YES;
				CLANG_WARN_OBJC_LITERAL_CONVERSION = YES;
				CLANG_WARN_OBJC_ROOT_CLASS = YES_ERROR;
				CLANG_WARN_QUOTED_INCLUDE_IN_FRAMEWORK_HEADER = YES;
				CLANG_WARN_RANGE_LOOP_ANALYSIS = YES;
				CLANG_WARN_STRICT_PROTOTYPES = YES;
				CLANG_WARN_SUSPICIOUS_MOVE = YES;
				CLANG_WARN_UNGUARDED_AVAILABILITY = YES_AGGRESSIVE;
				CLANG_WARN_UNREACHABLE_CODE = YES;
				CLANG_WARN__DUPLICATE_METHOD_MATCH = YES;
				COPY_PHASE_STRIP = NO;
				DEBUG_INFORMATION_FORMAT = dwarf;
				ENABLE_STRICT_OBJC_MSGSEND = YES;
				ENABLE_TESTABILITY = YES;
				GCC_C_LANGUAGE_STANDARD = gnu11;
				GCC_DYNAMIC_NO_PIC = NO;
				GCC_NO_COMMON_BLOCKS = YES;
				GCC_OPTIMIZATION_LEVEL = 0;
				GCC_PREPROCESSOR_DEFINITIONS = (
					"DEBUG=1",
					"$(inherited)",
				);
				GCC_WARN_64_TO_32_BIT_CONVERSION = YES;
				GCC_WARN_ABOUT_RETURN_TYPE = YES_ERROR;
				GCC_WARN_UNDECLARED_SELECTOR = YES;
				GCC_WARN_UNINITIALIZED_AUTOS = YES_AGGRESSIVE;
				GCC_WARN_UNUSED_FUNCTION = YES;
				GCC_WARN_UNUSED_VARIABLE = YES;
				IPHONEOS_DEPLOYMENT_TARGET = 15.2;
				MTL_ENABLE_DEBUG_INFO = INCLUDE_SOURCE;
				MTL_FAST_MATH = YES;
				ONLY_ACTIVE_ARCH = YES;
				SDKROOT = iphoneos;
				SWIFT_ACTIVE_COMPILATION_CONDITIONS = DEBUG;
				SWIFT_OPTIMIZATION_LEVEL = "-Onone";
			};
			name = Debug;
		};
		DF82DBD427C5F4A300DB4F56 /* Release */ = {
			isa = XCBuildConfiguration;
			buildSettings = {
				ALWAYS_SEARCH_USER_PATHS = NO;
				CLANG_ANALYZER_NONNULL = YES;
				CLANG_ANALYZER_NUMBER_OBJECT_CONVERSION = YES_AGGRESSIVE;
				CLANG_CXX_LANGUAGE_STANDARD = "gnu++17";
				CLANG_CXX_LIBRARY = "libc++";
				CLANG_ENABLE_MODULES = YES;
				CLANG_ENABLE_OBJC_ARC = YES;
				CLANG_ENABLE_OBJC_WEAK = YES;
				CLANG_WARN_BLOCK_CAPTURE_AUTORELEASING = YES;
				CLANG_WARN_BOOL_CONVERSION = YES;
				CLANG_WARN_COMMA = YES;
				CLANG_WARN_CONSTANT_CONVERSION = YES;
				CLANG_WARN_DEPRECATED_OBJC_IMPLEMENTATIONS = YES;
				CLANG_WARN_DIRECT_OBJC_ISA_USAGE = YES_ERROR;
				CLANG_WARN_DOCUMENTATION_COMMENTS = YES;
				CLANG_WARN_EMPTY_BODY = YES;
				CLANG_WARN_ENUM_CONVERSION = YES;
				CLANG_WARN_INFINITE_RECURSION = YES;
				CLANG_WARN_INT_CONVERSION = YES;
				CLANG_WARN_NON_LITERAL_NULL_CONVERSION = YES;
				CLANG_WARN_OBJC_IMPLICIT_RETAIN_SELF = YES;
				CLANG_WARN_OBJC_LITERAL_CONVERSION = YES;
				CLANG_WARN_OBJC_ROOT_CLASS = YES_ERROR;
				CLANG_WARN_QUOTED_INCLUDE_IN_FRAMEWORK_HEADER = YES;
				CLANG_WARN_RANGE_LOOP_ANALYSIS = YES;
				CLANG_WARN_STRICT_PROTOTYPES = YES;
				CLANG_WARN_SUSPICIOUS_MOVE = YES;
				CLANG_WARN_UNGUARDED_AVAILABILITY = YES_AGGRESSIVE;
				CLANG_WARN_UNREACHABLE_CODE = YES;
				CLANG_WARN__DUPLICATE_METHOD_MATCH = YES;
				COPY_PHASE_STRIP = NO;
				DEBUG_INFORMATION_FORMAT = "dwarf-with-dsym";
				ENABLE_NS_ASSERTIONS = NO;
				ENABLE_STRICT_OBJC_MSGSEND = YES;
				GCC_C_LANGUAGE_STANDARD = gnu11;
				GCC_NO_COMMON_BLOCKS = YES;
				GCC_WARN_64_TO_32_BIT_CONVERSION = YES;
				GCC_WARN_ABOUT_RETURN_TYPE = YES_ERROR;
				GCC_WARN_UNDECLARED_SELECTOR = YES;
				GCC_WARN_UNINITIALIZED_AUTOS = YES_AGGRESSIVE;
				GCC_WARN_UNUSED_FUNCTION = YES;
				GCC_WARN_UNUSED_VARIABLE = YES;
				IPHONEOS_DEPLOYMENT_TARGET = 15.2;
				MTL_ENABLE_DEBUG_INFO = NO;
				MTL_FAST_MATH = YES;
				SDKROOT = iphoneos;
				SWIFT_COMPILATION_MODE = wholemodule;
				SWIFT_OPTIMIZATION_LEVEL = "-O";
				VALIDATE_PRODUCT = YES;
			};
			name = Release;
		};
		DF82DBD627C5F4A300DB4F56 /* Debug */ = {
			isa = XCBuildConfiguration;
			buildSettings = {
				ASSETCATALOG_COMPILER_APPICON_NAME = AppIcon;
				ASSETCATALOG_COMPILER_GLOBAL_ACCENT_COLOR_NAME = AccentColor;
				CODE_SIGN_STYLE = Automatic;
				CURRENT_PROJECT_VERSION = 1;
				DEVELOPMENT_TEAM = NAFAZ5R85Z;
				GENERATE_INFOPLIST_FILE = YES;
				INFOPLIST_FILE = Light/Info.plist;
				INFOPLIST_KEY_UIApplicationSupportsIndirectInputEvents = YES;
				INFOPLIST_KEY_UILaunchStoryboardName = LaunchScreen;
				INFOPLIST_KEY_UIMainStoryboardFile = Main;
				INFOPLIST_KEY_UISupportedInterfaceOrientations_iPad = "UIInterfaceOrientationPortrait UIInterfaceOrientationPortraitUpsideDown UIInterfaceOrientationLandscapeLeft UIInterfaceOrientationLandscapeRight";
				INFOPLIST_KEY_UISupportedInterfaceOrientations_iPhone = "UIInterfaceOrientationPortrait UIInterfaceOrientationLandscapeLeft UIInterfaceOrientationLandscapeRight";
				LD_RUNPATH_SEARCH_PATHS = (
					"$(inherited)",
					"@executable_path/Frameworks",
				);
				MARKETING_VERSION = 1.0;
				PRODUCT_BUNDLE_IDENTIFIER = "My-Personal-Org.Light";
				PRODUCT_NAME = "$(TARGET_NAME)";
				SWIFT_EMIT_LOC_STRINGS = YES;
				SWIFT_VERSION = 5.0;
				TARGETED_DEVICE_FAMILY = "1,2";
			};
			name = Debug;
		};
		DF82DBD727C5F4A300DB4F56 /* Release */ = {
			isa = XCBuildConfiguration;
			buildSettings = {
				ASSETCATALOG_COMPILER_APPICON_NAME = AppIcon;
				ASSETCATALOG_COMPILER_GLOBAL_ACCENT_COLOR_NAME = AccentColor;
				CODE_SIGN_STYLE = Automatic;
				CURRENT_PROJECT_VERSION = 1;
				DEVELOPMENT_TEAM = NAFAZ5R85Z;
				GENERATE_INFOPLIST_FILE = YES;
				INFOPLIST_FILE = Light/Info.plist;
				INFOPLIST_KEY_UIApplicationSupportsIndirectInputEvents = YES;
				INFOPLIST_KEY_UILaunchStoryboardName = LaunchScreen;
				INFOPLIST_KEY_UIMainStoryboardFile = Main;
				INFOPLIST_KEY_UISupportedInterfaceOrientations_iPad = "UIInterfaceOrientationPortrait UIInterfaceOrientationPortraitUpsideDown UIInterfaceOrientationLandscapeLeft UIInterfaceOrientationLandscapeRight";
				INFOPLIST_KEY_UISupportedInterfaceOrientations_iPhone = "UIInterfaceOrientationPortrait UIInterfaceOrientationLandscapeLeft UIInterfaceOrientationLandscapeRight";
				LD_RUNPATH_SEARCH_PATHS = (
					"$(inherited)",
					"@executable_path/Frameworks",
				);
				MARKETING_VERSION = 1.0;
				PRODUCT_BUNDLE_IDENTIFIER = "My-Personal-Org.Light";
				PRODUCT_NAME = "$(TARGET_NAME)";
				SWIFT_EMIT_LOC_STRINGS = YES;
				SWIFT_VERSION = 5.0;
				TARGETED_DEVICE_FAMILY = "1,2";
			};
			name = Release;
		};
		DF82DBD927C5F4A300DB4F56 /* Debug */ = {
			isa = XCBuildConfiguration;
			buildSettings = {
				ALWAYS_EMBED_SWIFT_STANDARD_LIBRARIES = YES;
				BUNDLE_LOADER = "$(TEST_HOST)";
				CODE_SIGN_STYLE = Automatic;
				CURRENT_PROJECT_VERSION = 1;
				DEVELOPMENT_TEAM = NAFAZ5R85Z;
				GENERATE_INFOPLIST_FILE = YES;
				IPHONEOS_DEPLOYMENT_TARGET = 15.2;
				MARKETING_VERSION = 1.0;
				PRODUCT_BUNDLE_IDENTIFIER = "My-Personal-Org.LightTests";
				PRODUCT_NAME = "$(TARGET_NAME)";
				SWIFT_EMIT_LOC_STRINGS = NO;
				SWIFT_VERSION = 5.0;
				TARGETED_DEVICE_FAMILY = "1,2";
				TEST_HOST = "$(BUILT_PRODUCTS_DIR)/Light.app/Light";
			};
			name = Debug;
		};
		DF82DBDA27C5F4A300DB4F56 /* Release */ = {
			isa = XCBuildConfiguration;
			buildSettings = {
				ALWAYS_EMBED_SWIFT_STANDARD_LIBRARIES = YES;
				BUNDLE_LOADER = "$(TEST_HOST)";
				CODE_SIGN_STYLE = Automatic;
				CURRENT_PROJECT_VERSION = 1;
				DEVELOPMENT_TEAM = NAFAZ5R85Z;
				GENERATE_INFOPLIST_FILE = YES;
				IPHONEOS_DEPLOYMENT_TARGET = 15.2;
				MARKETING_VERSION = 1.0;
				PRODUCT_BUNDLE_IDENTIFIER = "My-Personal-Org.LightTests";
				PRODUCT_NAME = "$(TARGET_NAME)";
				SWIFT_EMIT_LOC_STRINGS = NO;
				SWIFT_VERSION = 5.0;
				TARGETED_DEVICE_FAMILY = "1,2";
				TEST_HOST = "$(BUILT_PRODUCTS_DIR)/Light.app/Light";
			};
			name = Release;
		};
		DF82DBDC27C5F4A300DB4F56 /* Debug */ = {
			isa = XCBuildConfiguration;
			buildSettings = {
				ALWAYS_EMBED_SWIFT_STANDARD_LIBRARIES = YES;
				CODE_SIGN_STYLE = Automatic;
				CURRENT_PROJECT_VERSION = 1;
				DEVELOPMENT_TEAM = NAFAZ5R85Z;
				GENERATE_INFOPLIST_FILE = YES;
				MARKETING_VERSION = 1.0;
				PRODUCT_BUNDLE_IDENTIFIER = "My-Personal-Org.LightUITests";
				PRODUCT_NAME = "$(TARGET_NAME)";
				SWIFT_EMIT_LOC_STRINGS = NO;
				SWIFT_VERSION = 5.0;
				TARGETED_DEVICE_FAMILY = "1,2";
				TEST_TARGET_NAME = Light;
			};
			name = Debug;
		};
		DF82DBDD27C5F4A300DB4F56 /* Release */ = {
			isa = XCBuildConfiguration;
			buildSettings = {
				ALWAYS_EMBED_SWIFT_STANDARD_LIBRARIES = YES;
				CODE_SIGN_STYLE = Automatic;
				CURRENT_PROJECT_VERSION = 1;
				DEVELOPMENT_TEAM = NAFAZ5R85Z;
				GENERATE_INFOPLIST_FILE = YES;
				MARKETING_VERSION = 1.0;
				PRODUCT_BUNDLE_IDENTIFIER = "My-Personal-Org.LightUITests";
				PRODUCT_NAME = "$(TARGET_NAME)";
				SWIFT_EMIT_LOC_STRINGS = NO;
				SWIFT_VERSION = 5.0;
				TARGETED_DEVICE_FAMILY = "1,2";
				TEST_TARGET_NAME = Light;
			};
			name = Release;
		};
/* End XCBuildConfiguration section */

/* Begin XCConfigurationList section */
		DF82DBA627C5F4A300DB4F56 /* Build configuration list for PBXProject "Light" */ = {
			isa = XCConfigurationList;
			buildConfigurations = (
				DF82DBD327C5F4A300DB4F56 /* Debug */,
				DF82DBD427C5F4A300DB4F56 /* Release */,
			);
			defaultConfigurationIsVisible = 0;
			defaultConfigurationName = Release;
		};
		DF82DBD527C5F4A300DB4F56 /* Build configuration list for PBXNativeTarget "Light" */ = {
			isa = XCConfigurationList;
			buildConfigurations = (
				DF82DBD627C5F4A300DB4F56 /* Debug */,
				DF82DBD727C5F4A300DB4F56 /* Release */,
			);
			defaultConfigurationIsVisible = 0;
			defaultConfigurationName = Release;
		};
		DF82DBD827C5F4A300DB4F56 /* Build configuration list for PBXNativeTarget "LightTests" */ = {
			isa = XCConfigurationList;
			buildConfigurations = (
				DF82DBD927C5F4A300DB4F56 /* Debug */,
				DF82DBDA27C5F4A300DB4F56 /* Release */,
			);
			defaultConfigurationIsVisible = 0;
			defaultConfigurationName = Release;
		};
		DF82DBDB27C5F4A300DB4F56 /* Build configuration list for PBXNativeTarget "LightUITests" */ = {
			isa = XCConfigurationList;
			buildConfigurations = (
				DF82DBDC27C5F4A300DB4F56 /* Debug */,
				DF82DBDD27C5F4A300DB4F56 /* Release */,
			);
			defaultConfigurationIsVisible = 0;
			defaultConfigurationName = Release;
		};
/* End XCConfigurationList section */
	};
	rootObject = DF82DBA327C5F4A300DB4F56 /* Project object */;
}
